<?xml version="1.0" encoding="utf-8"?>
<Project ToolsVersion="4.0" xmlns="http://schemas.microsoft.com/developer/msbuild/2003">
  <ItemGroup>
    <Filter Include="Source Files">
      <UniqueIdentifier>{4FC737F1-C7A5-4376-A066-2A32D752A2FF}</UniqueIdentifier>
      <Extensions>cpp;c;cc;cxx;def;odl;idl;hpj;bat;asm;asmx</Extensions>
    </Filter>
    <Filter Include="Header Files">
      <UniqueIdentifier>{93995380-89BD-4b04-88EB-625FBE52EBFB}</UniqueIdentifier>
      <Extensions>h;hh;hpp;hxx;hm;inl;inc;xsd</Extensions>
    </Filter>
    <Filter Include="Resource Files">
      <UniqueIdentifier>{67DA6AB6-F800-4c08-8B7A-83BB121AAD01}</UniqueIdentifier>
      <Extensions>rc;ico;cur;bmp;dlg;rc2;rct;bin;rgs;gif;jpg;jpeg;jpe;resx;tiff;tif;png;wav;mfcribbon-ms</Extensions>
    </Filter>
  </ItemGroup>
  <ItemGroup>
    <Text Include="ReadMe.txt" />
  </ItemGroup>
  <ItemGroup>
    <ClInclude Include="stdafx.h">
      <Filter>Header Files</Filter>
    </ClInclude>
    <ClInclude Include="targetver.h">
      <Filter>Header Files</Filter>
    </ClInclude>
    <ClInclude Include="Resource.h">
      <Filter>Header Files</Filter>
    </ClInclude>
    <ClInclude Include="RenderLab.h">
      <Filter>Header Files</Filter>
    </ClInclude>
    <ClInclude Include="WorldManager.h">
      <Filter>Header Files</Filter>
    </ClInclude>
    <ClInclude Include="Entity.h">
      <Filter>Header Files</Filter>
    </ClInclude>
    <ClInclude Include="Component.h">
      <Filter>Header Files</Filter>
    </ClInclude>
    <ClInclude Include="RenderComponent.h">
      <Filter>Header Files</Filter>
    </ClInclude>
    <ClInclude Include="Mesh.h">
      <Filter>Header Files</Filter>
    </ClInclude>
    <ClInclude Include="Texture.h">
      <Filter>Header Files</Filter>
    </ClInclude>
    <ClInclude Include="Material.h">
      <Filter>Header Files</Filter>
    </ClInclude>
    <ClInclude Include="View.h">
      <Filter>Header Files</Filter>
    </ClInclude>
    <ClInclude Include="ProcessorComponent.h">
      <Filter>Header Files</Filter>
    </ClInclude>
    <ClInclude Include="FirstPersonProcessor.h">
      <Filter>Header Files</Filter>
    </ClInclude>
    <ClInclude Include="RenderTechnique.h">
      <Filter>Header Files</Filter>
    </ClInclude>
    <ClInclude Include="LightComponent.h">
      <Filter>Header Files</Filter>
    </ClInclude>
    <ClInclude Include="RotationProcessor.h">
      <Filter>Header Files</Filter>
    </ClInclude>
    <ClInclude Include="Graphics.h">
      <Filter>Header Files</Filter>
    </ClInclude>
    <ClInclude Include="GraphicsContext.h">
      <Filter>Header Files</Filter>
    </ClInclude>
    <ClInclude Include="GraphicsVulkan.h">
      <Filter>Header Files</Filter>
    </ClInclude>
    <ClInclude Include="UniformBuffer.h">
      <Filter>Header Files</Filter>
    </ClInclude>
    <ClInclude Include="CpuTimer.h">
      <Filter>Header Files</Filter>
    </ClInclude>
    <ClInclude Include="GraphicsOpenGL.h">
      <Filter>Header Files</Filter>
    </ClInclude>
    <ClInclude Include="TranslationProcessor.h">
      <Filter>Header Files</Filter>
    </ClInclude>
    <ClInclude Include="ModelLoader.h">
      <Filter>Header Files</Filter>
    </ClInclude>
  </ItemGroup>
  <ItemGroup>
    <ClCompile Include="stdafx.cpp">
      <Filter>Source Files</Filter>
    </ClCompile>
    <ClCompile Include="RenderLab.cpp">
      <Filter>Source Files</Filter>
    </ClCompile>
    <ClCompile Include="WorldManager.cpp">
      <Filter>Source Files</Filter>
    </ClCompile>
    <ClCompile Include="Entity.cpp">
      <Filter>Source Files</Filter>
    </ClCompile>
    <ClCompile Include="Component.cpp">
      <Filter>Source Files</Filter>
    </ClCompile>
    <ClCompile Include="RenderComponent.cpp">
      <Filter>Source Files</Filter>
    </ClCompile>
    <ClCompile Include="Mesh.cpp">
      <Filter>Source Files</Filter>
    </ClCompile>
    <ClCompile Include="Texture.cpp">
      <Filter>Source Files</Filter>
    </ClCompile>
    <ClCompile Include="Material.cpp">
      <Filter>Source Files</Filter>
    </ClCompile>
    <ClCompile Include="View.cpp">
      <Filter>Source Files</Filter>
    </ClCompile>
    <ClCompile Include="ProcessorComponent.cpp">
      <Filter>Source Files</Filter>
    </ClCompile>
    <ClCompile Include="FirstPersonProcessor.cpp">
      <Filter>Source Files</Filter>
    </ClCompile>
    <ClCompile Include="RenderTechnique.cpp">
      <Filter>Source Files</Filter>
    </ClCompile>
    <ClCompile Include="LightComponent.cpp">
      <Filter>Source Files</Filter>
    </ClCompile>
    <ClCompile Include="RotationProcessor.cpp">
      <Filter>Source Files</Filter>
    </ClCompile>
    <ClCompile Include="Graphics.cpp">
      <Filter>Source Files</Filter>
    </ClCompile>
    <ClCompile Include="GraphicsContext.cpp">
      <Filter>Source Files</Filter>
    </ClCompile>
    <ClCompile Include="GraphicsVulkan.cpp">
      <Filter>Source Files</Filter>
    </ClCompile>
    <ClCompile Include="UniformBuffer.cpp">
      <Filter>Source Files</Filter>
    </ClCompile>
    <ClCompile Include="CpuTimer.cpp">
      <Filter>Source Files</Filter>
    </ClCompile>
    <ClCompile Include="GraphicsOpenGL.cpp">
      <Filter>Source Files</Filter>
    </ClCompile>
    <ClCompile Include="TranslationProcessor.cpp">
      <Filter>Source Files</Filter>
    </ClCompile>
    <ClCompile Include="ModelLoader.cpp">
      <Filter>Source Files</Filter>
    </ClCompile>
  </ItemGroup>
  <ItemGroup>
    <ResourceCompile Include="RenderLab.rc">
      <Filter>Resource Files</Filter>
    </ResourceCompile>
  </ItemGroup>
  <ItemGroup>
    <Image Include="small.ico">
      <Filter>Resource Files</Filter>
    </Image>
    <Image Include="RenderLab.ico">
      <Filter>Resource Files</Filter>
    </Image>
  </ItemGroup>
</Project>